
Microsoft Visual Studio Solution File, Format Version 12.00
# Visual Studio Version 16
VisualStudioVersion = 16.0.30204.135
MinimumVisualStudioVersion = 10.0.40219.1
Project("{FAE04EC0-301F-11D3-BF4B-00C04F79EFBC}") = "CrudMvc", "CrudMvc\CrudMvc.csproj", "{B4461E2E-BF8A-4983-A0A7-A73B398CEED4}"
EndProject
Global
	GlobalSection(SolutionConfigurationPlatforms) = preSolution
		Debug|Any CPU = Debug|Any CPU
		Release|Any CPU = Release|Any CPU
	EndGlobalSection
	GlobalSection(ProjectConfigurationPlatforms) = postSolution
		{B4461E2E-BF8A-4983-A0A7-A73B398CEED4}.Debug|Any CPU.ActiveCfg = Debug|Any CPU
		{B4461E2E-BF8A-4983-A0A7-A73B398CEED4}.Debug|Any CPU.Build.0 = Debug|Any CPU
		{B4461E2E-BF8A-4983-A0A7-A73B398CEED4}.Release|Any CPU.ActiveCfg = Release|Any CPU
		{B4461E2E-BF8A-4983-A0A7-A73B398CEED4}.Release|Any CPU.Build.0 = Release|Any CPU
	EndGlobalSection
	GlobalSection(SolutionProperties) = preSolution
		HideSolutionNode = FALSE
	EndGlobalSection
	GlobalSection(ExtensibilityGlobals) = postSolution
		SolutionGuid = {EF19723C-4FFF-4C59-87EA-D4127839DDB3}
	EndGlobalSection
EndGlobal
